
Microsoft Visual Studio Solution File, Format Version 12.00
Project("{FAE04EC0-301F-11D3-BF4B-00C04F79EFBC}") = "Presentation", "Presentation\Presentation.csproj", "{792480BF-C434-48B4-9F1C-AB9C3288FF87}"
EndProject
Global
	GlobalSection(SolutionConfigurationPlatforms) = preSolution
		Debug|Any CPU = Debug|Any CPU
		Release|Any CPU = Release|Any CPU
	EndGlobalSection
	GlobalSection(ProjectConfigurationPlatforms) = postSolution
		{792480BF-C434-48B4-9F1C-AB9C3288FF87}.Debug|Any CPU.ActiveCfg = Debug|Any CPU
		{792480BF-C434-48B4-9F1C-AB9C3288FF87}.Debug|Any CPU.Build.0 = Debug|Any CPU
		{792480BF-C434-48B4-9F1C-AB9C3288FF87}.Release|Any CPU.ActiveCfg = Release|Any CPU
		{792480BF-C434-48B4-9F1C-AB9C3288FF87}.Release|Any CPU.Build.0 = Release|Any CPU
	EndGlobalSection
EndGlobal
